// !$*UTF8*$!
{
	archiveVersion = 1;
	classes = {
	};
	objectVersion = 46;
	objects = {

/* Begin PBXBuildFile section */
		FBF07C811DE9E18400E36281 /* DetailViewController.swift in Sources */ = {isa = PBXBuildFile; fileRef = FBF07C801DE9E18400E36281 /* DetailViewController.swift */; };
		FBF199D61DE722A4003EA9A7 /* AppDelegate.swift in Sources */ = {isa = PBXBuildFile; fileRef = FBF199D51DE722A4003EA9A7 /* AppDelegate.swift */; };
		FBF199D81DE722A4003EA9A7 /* ViewController.swift in Sources */ = {isa = PBXBuildFile; fileRef = FBF199D71DE722A4003EA9A7 /* ViewController.swift */; };
		FBF199DB1DE722A5003EA9A7 /* Main.storyboard in Resources */ = {isa = PBXBuildFile; fileRef = FBF199D91DE722A5003EA9A7 /* Main.storyboard */; };
		FBF199DD1DE722A5003EA9A7 /* Assets.xcassets in Resources */ = {isa = PBXBuildFile; fileRef = FBF199DC1DE722A5003EA9A7 /* Assets.xcassets */; };
		FBF199E01DE722A5003EA9A7 /* LaunchScreen.storyboard in Resources */ = {isa = PBXBuildFile; fileRef = FBF199DE1DE722A5003EA9A7 /* LaunchScreen.storyboard */; };
		FBF199F21DE73135003EA9A7 /* NoteManager.swift in Sources */ = {isa = PBXBuildFile; fileRef = FBF199F11DE73135003EA9A7 /* NoteManager.swift */; };
/* End PBXBuildFile section */

/* Begin PBXFileReference section */
		FBF07C801DE9E18400E36281 /* DetailViewController.swift */ = {isa = PBXFileReference; fileEncoding = 4; lastKnownFileType = sourcecode.swift; path = DetailViewController.swift; sourceTree = "<group>"; };
		FBF199D21DE722A4003EA9A7 /* NotesPerso.app */ = {isa = PBXFileReference; explicitFileType = wrapper.application; includeInIndex = 0; path = NotesPerso.app; sourceTree = BUILT_PRODUCTS_DIR; };
		FBF199D51DE722A4003EA9A7 /* AppDelegate.swift */ = {isa = PBXFileReference; lastKnownFileType = sourcecode.swift; path = AppDelegate.swift; sourceTree = "<group>"; };
		FBF199D71DE722A4003EA9A7 /* ViewController.swift */ = {isa = PBXFileReference; lastKnownFileType = sourcecode.swift; path = ViewController.swift; sourceTree = "<group>"; };
		FBF199DA1DE722A5003EA9A7 /* Base */ = {isa = PBXFileReference; lastKnownFileType = file.storyboard; name = Base; path = Base.lproj/Main.storyboard; sourceTree = "<group>"; };
		FBF199DC1DE722A5003EA9A7 /* Assets.xcassets */ = {isa = PBXFileReference; lastKnownFileType = folder.assetcatalog; path = Assets.xcassets; sourceTree = "<group>"; };
		FBF199DF1DE722A5003EA9A7 /* Base */ = {isa = PBXFileReference; lastKnownFileType = file.storyboard; name = Base; path = Base.lproj/LaunchScreen.storyboard; sourceTree = "<group>"; };
		FBF199E11DE722A5003EA9A7 /* Info.plist */ = {isa = PBXFileReference; lastKnownFileType = text.plist.xml; path = Info.plist; sourceTree = "<group>"; };
		FBF199F11DE73135003EA9A7 /* NoteManager.swift */ = {isa = PBXFileReference; fileEncoding = 4; lastKnownFileType = sourcecode.swift; path = NoteManager.swift; sourceTree = "<group>"; };
/* End PBXFileReference section */

/* Begin PBXFrameworksBuildPhase section */
		FBF199CF1DE722A4003EA9A7 /* Frameworks */ = {
			isa = PBXFrameworksBuildPhase;
			buildActionMask = 2147483647;
			files = (
			);
			runOnlyForDeploymentPostprocessing = 0;
		};
/* End PBXFrameworksBuildPhase section */

/* Begin PBXGroup section */
		FBF199C91DE722A4003EA9A7 = {
			isa = PBXGroup;
			children = (
				FBF199D41DE722A4003EA9A7 /* NotesPerso */,
				FBF199D31DE722A4003EA9A7 /* Products */,
			);
			sourceTree = "<group>";
		};
		FBF199D31DE722A4003EA9A7 /* Products */ = {
			isa = PBXGroup;
			children = (
				FBF199D21DE722A4003EA9A7 /* NotesPerso.app */,
			);
			name = Products;
			sourceTree = "<group>";
		};
		FBF199D41DE722A4003EA9A7 /* NotesPerso */ = {
			isa = PBXGroup;
			children = (
				FBF199F11DE73135003EA9A7 /* NoteManager.swift */,
				FBF199EC1DE725BC003EA9A7 /* Other */,
				FBF199EB1DE7249F003EA9A7 /* DataModel */,
				FBF199E91DE7240A003EA9A7 /* ViewControllers */,
				FBF199E81DE72401003EA9A7 /* Views */,
				FBF199DC1DE722A5003EA9A7 /* Assets.xcassets */,
			);
			path = NotesPerso;
			sourceTree = "<group>";
		};
		FBF199E81DE72401003EA9A7 /* Views */ = {
			isa = PBXGroup;
			children = (
			);
			name = Views;
			sourceTree = "<group>";
		};
		FBF199E91DE7240A003EA9A7 /* ViewControllers */ = {
			isa = PBXGroup;
			children = (
				FBF199D71DE722A4003EA9A7 /* ViewController.swift */,
				FBF07C801DE9E18400E36281 /* DetailViewController.swift */,
			);
			name = ViewControllers;
			sourceTree = "<group>";
		};
		FBF199EB1DE7249F003EA9A7 /* DataModel */ = {
			isa = PBXGroup;
			children = (
			);
			name = DataModel;
			sourceTree = "<group>";
		};
		FBF199EC1DE725BC003EA9A7 /* Other */ = {
			isa = PBXGroup;
			children = (
				FBF199D91DE722A5003EA9A7 /* Main.storyboard */,
				FBF199DE1DE722A5003EA9A7 /* LaunchScreen.storyboard */,
				FBF199E11DE722A5003EA9A7 /* Info.plist */,
				FBF199D51DE722A4003EA9A7 /* AppDelegate.swift */,
			);
			name = Other;
			sourceTree = "<group>";
		};
/* End PBXGroup section */

/* Begin PBXNativeTarget section */
		FBF199D11DE722A4003EA9A7 /* NotesPerso */ = {
			isa = PBXNativeTarget;
			buildConfigurationList = FBF199E41DE722A5003EA9A7 /* Build configuration list for PBXNativeTarget "NotesPerso" */;
			buildPhases = (
				FBF199CE1DE722A4003EA9A7 /* Sources */,
				FBF199CF1DE722A4003EA9A7 /* Frameworks */,
				FBF199D01DE722A4003EA9A7 /* Resources */,
			);
			buildRules = (
			);
			dependencies = (
			);
			name = NotesPerso;
			productName = NotesPerso;
			productReference = FBF199D21DE722A4003EA9A7 /* NotesPerso.app */;
			productType = "com.apple.product-type.application";
		};
/* End PBXNativeTarget section */

/* Begin PBXProject section */
		FBF199CA1DE722A4003EA9A7 /* Project object */ = {
			isa = PBXProject;
			attributes = {
				LastSwiftUpdateCheck = 0810;
				LastUpgradeCheck = 0810;
				ORGANIZATIONNAME = Maxime;
				TargetAttributes = {
					FBF199D11DE722A4003EA9A7 = {
						CreatedOnToolsVersion = 8.1;
						DevelopmentTeam = 49R4G59MHZ;
						ProvisioningStyle = Automatic;
					};
				};
			};
			buildConfigurationList = FBF199CD1DE722A4003EA9A7 /* Build configuration list for PBXProject "NotesPerso" */;
			compatibilityVersion = "Xcode 3.2";
			developmentRegion = English;
			hasScannedForEncodings = 0;
			knownRegions = (
				en,
				Base,
			);
			mainGroup = FBF199C91DE722A4003EA9A7;
			productRefGroup = FBF199D31DE722A4003EA9A7 /* Products */;
			projectDirPath = "";
			projectRoot = "";
			targets = (
				FBF199D11DE722A4003EA9A7 /* NotesPerso */,
			);
		};
/* End PBXProject section */

/* Begin PBXResourcesBuildPhase section */
		FBF199D01DE722A4003EA9A7 /* Resources */ = {
			isa = PBXResourcesBuildPhase;
			buildActionMask = 2147483647;
			files = (
				FBF199E01DE722A5003EA9A7 /* LaunchScreen.storyboard in Resources */,
				FBF199DD1DE722A5003EA9A7 /* Assets.xcassets in Resources */,
				FBF199DB1DE722A5003EA9A7 /* Main.storyboard in Resources */,
			);
			runOnlyForDeploymentPostprocessing = 0;
		};
/* End PBXResourcesBuildPhase section */

/* Begin PBXSourcesBuildPhase section */
		FBF199CE1DE722A4003EA9A7 /* Sources */ = {
			isa = PBXSourcesBuildPhase;
			buildActionMask = 2147483647;
			files = (
				FBF199F21DE73135003EA9A7 /* NoteManager.swift in Sources */,
				FBF199D81DE722A4003EA9A7 /* ViewController.swift in Sources */,
				FBF199D61DE722A4003EA9A7 /* AppDelegate.swift in Sources */,
				FBF07C811DE9E18400E36281 /* DetailViewController.swift in Sources */,
			);
			runOnlyForDeploymentPostprocessing = 0;
		};
/* End PBXSourcesBuildPhase section */

/* Begin PBXVariantGroup section */
		FBF199D91DE722A5003EA9A7 /* Main.storyboard */ = {
			isa = PBXVariantGroup;
			children = (
				FBF199DA1DE722A5003EA9A7 /* Base */,
			);
			name = Main.storyboard;
			sourceTree = "<group>";
		};
		FBF199DE1DE722A5003EA9A7 /* LaunchScreen.storyboard */ = {
			isa = PBXVariantGroup;
			children = (
				FBF199DF1DE722A5003EA9A7 /* Base */,
			);
			name = LaunchScreen.storyboard;
			sourceTree = "<group>";
		};
/* End PBXVariantGroup section */

/* Begin XCBuildConfiguration section */
		FBF199E21DE722A5003EA9A7 /* Debug */ = {
			isa = XCBuildConfiguration;
			buildSettings = {
				ALWAYS_SEARCH_USER_PATHS = NO;
				CLANG_ANALYZER_NONNULL = YES;
				CLANG_CXX_LANGUAGE_STANDARD = "gnu++0x";
				CLANG_CXX_LIBRARY = "libc++";
				CLANG_ENABLE_MODULES = YES;
				CLANG_ENABLE_OBJC_ARC = YES;
				CLANG_WARN_BOOL_CONVERSION = YES;
				CLANG_WARN_CONSTANT_CONVERSION = YES;
				CLANG_WARN_DIRECT_OBJC_ISA_USAGE = YES_ERROR;
				CLANG_WARN_DOCUMENTATION_COMMENTS = YES;
				CLANG_WARN_EMPTY_BODY = YES;
				CLANG_WARN_ENUM_CONVERSION = YES;
				CLANG_WARN_INFINITE_RECURSION = YES;
				CLANG_WARN_INT_CONVERSION = YES;
				CLANG_WARN_OBJC_ROOT_CLASS = YES_ERROR;
				CLANG_WARN_SUSPICIOUS_MOVES = YES;
				CLANG_WARN_UNREACHABLE_CODE = YES;
				CLANG_WARN__DUPLICATE_METHOD_MATCH = YES;
				"CODE_SIGN_IDENTITY[sdk=iphoneos*]" = "iPhone Developer";
				COPY_PHASE_STRIP = NO;
				DEBUG_INFORMATION_FORMAT = dwarf;
				ENABLE_STRICT_OBJC_MSGSEND = YES;
				ENABLE_TESTABILITY = YES;
				GCC_C_LANGUAGE_STANDARD = gnu99;
				GCC_DYNAMIC_NO_PIC = NO;
				GCC_NO_COMMON_BLOCKS = YES;
				GCC_OPTIMIZATION_LEVEL = 0;
				GCC_PREPROCESSOR_DEFINITIONS = (
					"DEBUG=1",
					"$(inherited)",
				);
				GCC_WARN_64_TO_32_BIT_CONVERSION = YES;
				GCC_WARN_ABOUT_RETURN_TYPE = YES_ERROR;
				GCC_WARN_UNDECLARED_SELECTOR = YES;
				GCC_WARN_UNINITIALIZED_AUTOS = YES_AGGRESSIVE;
				GCC_WARN_UNUSED_FUNCTION = YES;
				GCC_WARN_UNUSED_VARIABLE = YES;
				IPHONEOS_DEPLOYMENT_TARGET = 10.1;
				MTL_ENABLE_DEBUG_INFO = YES;
				ONLY_ACTIVE_ARCH = YES;
				SDKROOT = iphoneos;
				SWIFT_ACTIVE_COMPILATION_CONDITIONS = DEBUG;
				SWIFT_OPTIMIZATION_LEVEL = "-Onone";
			};
			name = Debug;
		};
		FBF199E31DE722A5003EA9A7 /* Release */ = {
			isa = XCBuildConfiguration;
			buildSettings = {
				ALWAYS_SEARCH_USER_PATHS = NO;
				CLANG_ANALYZER_NONNULL = YES;
				CLANG_CXX_LANGUAGE_STANDARD = "gnu++0x";
				CLANG_CXX_LIBRARY = "libc++";
				CLANG_ENABLE_MODULES = YES;
				CLANG_ENABLE_OBJC_ARC = YES;
				CLANG_WARN_BOOL_CONVERSION = YES;
				CLANG_WARN_CONSTANT_CONVERSION = YES;
				CLANG_WARN_DIRECT_OBJC_ISA_USAGE = YES_ERROR;
				CLANG_WARN_DOCUMENTATION_COMMENTS = YES;
				CLANG_WARN_EMPTY_BODY = YES;
				CLANG_WARN_ENUM_CONVERSION = YES;
				CLANG_WARN_INFINITE_RECURSION = YES;
				CLANG_WARN_INT_CONVERSION = YES;
				CLANG_WARN_OBJC_ROOT_CLASS = YES_ERROR;
				CLANG_WARN_SUSPICIOUS_MOVES = YES;
				CLANG_WARN_UNREACHABLE_CODE = YES;
				CLANG_WARN__DUPLICATE_METHOD_MATCH = YES;
				"CODE_SIGN_IDENTITY[sdk=iphoneos*]" = "iPhone Developer";
				COPY_PHASE_STRIP = NO;
				DEBUG_INFORMATION_FORMAT = "dwarf-with-dsym";
				ENABLE_NS_ASSERTIONS = NO;
				ENABLE_STRICT_OBJC_MSGSEND = YES;
				GCC_C_LANGUAGE_STANDARD = gnu99;
				GCC_NO_COMMON_BLOCKS = YES;
				GCC_WARN_64_TO_32_BIT_CONVERSION = YES;
				GCC_WARN_ABOUT_RETURN_TYPE = YES_ERROR;
				GCC_WARN_UNDECLARED_SELECTOR = YES;
				GCC_WARN_UNINITIALIZED_AUTOS = YES_AGGRESSIVE;
				GCC_WARN_UNUSED_FUNCTION = YES;
				GCC_WARN_UNUSED_VARIABLE = YES;
				IPHONEOS_DEPLOYMENT_TARGET = 10.1;
				MTL_ENABLE_DEBUG_INFO = NO;
				SDKROOT = iphoneos;
				SWIFT_OPTIMIZATION_LEVEL = "-Owholemodule";
				VALIDATE_PRODUCT = YES;
			};
			name = Release;
		};
		FBF199E51DE722A5003EA9A7 /* Debug */ = {
			isa = XCBuildConfiguration;
			buildSettings = {
				ASSETCATALOG_COMPILER_APPICON_NAME = AppIcon;
				"CODE_SIGN_IDENTITY[sdk=iphoneos*]" = "iPhone Developer";
				DEVELOPMENT_TEAM = 49R4G59MHZ;
				INFOPLIST_FILE = NotesPerso/Info.plist;
				IPHONEOS_DEPLOYMENT_TARGET = 10.0;
				LD_RUNPATH_SEARCH_PATHS = "$(inherited) @executable_path/Frameworks";
				PRODUCT_BUNDLE_IDENTIFIER = maxime.NotesPerso;
				PRODUCT_NAME = "$(TARGET_NAME)";
				SWIFT_VERSION = 3.0;
			};
			name = Debug;
		};
		FBF199E61DE722A5003EA9A7 /* Release */ = {
			isa = XCBuildConfiguration;
			buildSettings = {
				ASSETCATALOG_COMPILER_APPICON_NAME = AppIcon;
				"CODE_SIGN_IDENTITY[sdk=iphoneos*]" = "iPhone Developer";
				DEVELOPMENT_TEAM = 49R4G59MHZ;
				INFOPLIST_FILE = NotesPerso/Info.plist;
				IPHONEOS_DEPLOYMENT_TARGET = 10.0;
				LD_RUNPATH_SEARCH_PATHS = "$(inherited) @executable_path/Frameworks";
				PRODUCT_BUNDLE_IDENTIFIER = maxime.NotesPerso;
				PRODUCT_NAME = "$(TARGET_NAME)";
				SWIFT_VERSION = 3.0;
			};
			name = Release;
		};
/* End XCBuildConfiguration section */

/* Begin XCConfigurationList section */
		FBF199CD1DE722A4003EA9A7 /* Build configuration list for PBXProject "NotesPerso" */ = {
			isa = XCConfigurationList;
			buildConfigurations = (
				FBF199E21DE722A5003EA9A7 /* Debug */,
				FBF199E31DE722A5003EA9A7 /* Release */,
			);
			defaultConfigurationIsVisible = 0;
			defaultConfigurationName = Release;
		};
		FBF199E41DE722A5003EA9A7 /* Build configuration list for PBXNativeTarget "NotesPerso" */ = {
			isa = XCConfigurationList;
			buildConfigurations = (
				FBF199E51DE722A5003EA9A7 /* Debug */,
				FBF199E61DE722A5003EA9A7 /* Release */,
			);
			defaultConfigurationIsVisible = 0;
			defaultConfigurationName = Release;
		};
/* End XCConfigurationList section */
	};
	rootObject = FBF199CA1DE722A4003EA9A7 /* Project object */;
}
